
Microsoft Visual Studio Solution File, Format Version 12.00
# Visual Studio 15
VisualStudioVersion = 15.0.26730.10
MinimumVisualStudioVersion = 10.0.40219.1
Project("{FAE04EC0-301F-11D3-BF4B-00C04F79EFBC}") = "Contracts", "Contracts\Contracts.csproj", "{08412B29-3426-4FB6-BC02-3CE4AF5C6F6C}"
EndProject
Project("{FAE04EC0-301F-11D3-BF4B-00C04F79EFBC}") = "Services", "Services\Services.csproj", "{7B3D8577-A49F-4626-AB97-33AFECF0D2A4}"
EndProject
Project("{FAE04EC0-301F-11D3-BF4B-00C04F79EFBC}") = "Hosting", "Hosting\Hosting.csproj", "{C1A05F04-61AF-45C3-ADFE-317FE7A66735}"
EndProject
Project("{FAE04EC0-301F-11D3-BF4B-00C04F79EFBC}") = "Client", "Client\Client.csproj", "{077B5DC3-D9B3-4086-AA6D-11F02E3D4643}"
EndProject
Global
	GlobalSection(SolutionConfigurationPlatforms) = preSolution
		Debug|Any CPU = Debug|Any CPU
		Release|Any CPU = Release|Any CPU
	EndGlobalSection
	GlobalSection(ProjectConfigurationPlatforms) = postSolution
		{08412B29-3426-4FB6-BC02-3CE4AF5C6F6C}.Debug|Any CPU.ActiveCfg = Debug|Any CPU
		{08412B29-3426-4FB6-BC02-3CE4AF5C6F6C}.Debug|Any CPU.Build.0 = Debug|Any CPU
		{08412B29-3426-4FB6-BC02-3CE4AF5C6F6C}.Release|Any CPU.ActiveCfg = Release|Any CPU
		{08412B29-3426-4FB6-BC02-3CE4AF5C6F6C}.Release|Any CPU.Build.0 = Release|Any CPU
		{7B3D8577-A49F-4626-AB97-33AFECF0D2A4}.Debug|Any CPU.ActiveCfg = Debug|Any CPU
		{7B3D8577-A49F-4626-AB97-33AFECF0D2A4}.Debug|Any CPU.Build.0 = Debug|Any CPU
		{7B3D8577-A49F-4626-AB97-33AFECF0D2A4}.Release|Any CPU.ActiveCfg = Release|Any CPU
		{7B3D8577-A49F-4626-AB97-33AFECF0D2A4}.Release|Any CPU.Build.0 = Release|Any CPU
		{C1A05F04-61AF-45C3-ADFE-317FE7A66735}.Debug|Any CPU.ActiveCfg = Debug|Any CPU
		{C1A05F04-61AF-45C3-ADFE-317FE7A66735}.Debug|Any CPU.Build.0 = Debug|Any CPU
		{C1A05F04-61AF-45C3-ADFE-317FE7A66735}.Release|Any CPU.ActiveCfg = Release|Any CPU
		{C1A05F04-61AF-45C3-ADFE-317FE7A66735}.Release|Any CPU.Build.0 = Release|Any CPU
		{077B5DC3-D9B3-4086-AA6D-11F02E3D4643}.Debug|Any CPU.ActiveCfg = Debug|Any CPU
		{077B5DC3-D9B3-4086-AA6D-11F02E3D4643}.Debug|Any CPU.Build.0 = Debug|Any CPU
		{077B5DC3-D9B3-4086-AA6D-11F02E3D4643}.Release|Any CPU.ActiveCfg = Release|Any CPU
		{077B5DC3-D9B3-4086-AA6D-11F02E3D4643}.Release|Any CPU.Build.0 = Release|Any CPU
	EndGlobalSection
	GlobalSection(SolutionProperties) = preSolution
		HideSolutionNode = FALSE
	EndGlobalSection
	GlobalSection(ExtensibilityGlobals) = postSolution
		SolutionGuid = {F42883D9-2C30-46F5-A658-42DD4C7D624B}
	EndGlobalSection
EndGlobal
